
Microsoft Visual Studio Solution File, Format Version 12.00
# Visual Studio Version 16
VisualStudioVersion = 16.0.28917.181
MinimumVisualStudioVersion = 10.0.40219.1
Project("{FAE04EC0-301F-11D3-BF4B-00C04F79EFBC}") = "ChequeAmount", "ChequeAmount\ChequeAmount.csproj", "{73800791-E64C-4113-A179-5B832C2CBEBE}"
EndProject
Project("{FAE04EC0-301F-11D3-BF4B-00C04F79EFBC}") = "ChequeAmountTest", "ChequeAmountTest\ChequeAmountTest.csproj", "{A11553B2-61AD-4617-84C4-A987B673F813}"
EndProject
Global
	GlobalSection(SolutionConfigurationPlatforms) = preSolution
		Debug|Any CPU = Debug|Any CPU
		Release|Any CPU = Release|Any CPU
	EndGlobalSection
	GlobalSection(ProjectConfigurationPlatforms) = postSolution
		{73800791-E64C-4113-A179-5B832C2CBEBE}.Debug|Any CPU.ActiveCfg = Debug|Any CPU
		{73800791-E64C-4113-A179-5B832C2CBEBE}.Debug|Any CPU.Build.0 = Debug|Any CPU
		{73800791-E64C-4113-A179-5B832C2CBEBE}.Release|Any CPU.ActiveCfg = Release|Any CPU
		{73800791-E64C-4113-A179-5B832C2CBEBE}.Release|Any CPU.Build.0 = Release|Any CPU
		{A11553B2-61AD-4617-84C4-A987B673F813}.Debug|Any CPU.ActiveCfg = Debug|Any CPU
		{A11553B2-61AD-4617-84C4-A987B673F813}.Debug|Any CPU.Build.0 = Debug|Any CPU
		{A11553B2-61AD-4617-84C4-A987B673F813}.Release|Any CPU.ActiveCfg = Release|Any CPU
		{A11553B2-61AD-4617-84C4-A987B673F813}.Release|Any CPU.Build.0 = Release|Any CPU
	EndGlobalSection
	GlobalSection(SolutionProperties) = preSolution
		HideSolutionNode = FALSE
	EndGlobalSection
	GlobalSection(ExtensibilityGlobals) = postSolution
		SolutionGuid = {352610BA-E9B4-44C7-97CE-97A73A4FAE41}
	EndGlobalSection
EndGlobal
